
Microsoft Visual Studio Solution File, Format Version 12.00
# Visual Studio Version 17
VisualStudioVersion = 17.5.33414.496
MinimumVisualStudioVersion = 10.0.40219.1
Project("{FAE04EC0-301F-11D3-BF4B-00C04F79EFBC}") = "ApiConsultarVacinas", "ApiConsultarVacinas\ApiConsultarVacinas.csproj", "{D62B8398-8A51-4F19-8ACC-B4EAC1EE020F}"
EndProject
Global
	GlobalSection(SolutionConfigurationPlatforms) = preSolution
		Debug|Any CPU = Debug|Any CPU
		Release|Any CPU = Release|Any CPU
	EndGlobalSection
	GlobalSection(ProjectConfigurationPlatforms) = postSolution
		{D62B8398-8A51-4F19-8ACC-B4EAC1EE020F}.Debug|Any CPU.ActiveCfg = Debug|Any CPU
		{D62B8398-8A51-4F19-8ACC-B4EAC1EE020F}.Debug|Any CPU.Build.0 = Debug|Any CPU
		{D62B8398-8A51-4F19-8ACC-B4EAC1EE020F}.Release|Any CPU.ActiveCfg = Release|Any CPU
		{D62B8398-8A51-4F19-8ACC-B4EAC1EE020F}.Release|Any CPU.Build.0 = Release|Any CPU
	EndGlobalSection
	GlobalSection(SolutionProperties) = preSolution
		HideSolutionNode = FALSE
	EndGlobalSection
	GlobalSection(ExtensibilityGlobals) = postSolution
		SolutionGuid = {323821C1-9A0B-4DD1-8721-EFF5452E05D8}
	EndGlobalSection
EndGlobal
